// !$*UTF8*$!
{
	archiveVersion = 1;
	classes = {
	};
	objectVersion = 51;
	objects = {

/* Begin PBXBuildFile section */
		18CE0F9A25201B2C007A1EEE /* InterestViewController.swift in Sources */ = {isa = PBXBuildFile; fileRef = 18CE0F9925201B2C007A1EEE /* InterestViewController.swift */; };
		18CE0F9C25201FAF007A1EEE /* GlobalColors.swift in Sources */ = {isa = PBXBuildFile; fileRef = 18CE0F9B25201FAF007A1EEE /* GlobalColors.swift */; };
		18D0A674251FCE8B00D0A079 /* AppDelegate.swift in Sources */ = {isa = PBXBuildFile; fileRef = 18D0A673251FCE8B00D0A079 /* AppDelegate.swift */; };
		18D0A676251FCE8B00D0A079 /* LoginViewController.swift in Sources */ = {isa = PBXBuildFile; fileRef = 18D0A675251FCE8B00D0A079 /* LoginViewController.swift */; };
		18D0A67B251FCECC00D0A079 /* Assets.xcassets in Resources */ = {isa = PBXBuildFile; fileRef = 18D0A67A251FCECC00D0A079 /* Assets.xcassets */; };
		18D0A67E251FCECC00D0A079 /* LaunchScreen.storyboard in Resources */ = {isa = PBXBuildFile; fileRef = 18D0A67C251FCECC00D0A079 /* LaunchScreen.storyboard */; };
		18D0A689251FCECD00D0A079 /* QBuddyTests.swift in Sources */ = {isa = PBXBuildFile; fileRef = 18D0A688251FCECD00D0A079 /* QBuddyTests.swift */; };
		18D0A694251FCECD00D0A079 /* QBuddyUITests.swift in Sources */ = {isa = PBXBuildFile; fileRef = 18D0A693251FCECD00D0A079 /* QBuddyUITests.swift */; };
		354EAAEF68F44A812D3BBCD4 /* Pods_QBuddy.framework in Frameworks */ = {isa = PBXBuildFile; fileRef = 85723B782818830199578220 /* Pods_QBuddy.framework */; };
		42F863A6573A54C5D43FFE89 /* Pods_QBuddyTests.framework in Frameworks */ = {isa = PBXBuildFile; fileRef = C390C33E7BFCC50EC2BA10A0 /* Pods_QBuddyTests.framework */; };
		62981F77729FC93E6AD19058 /* Pods_QBuddy_QBuddyUITests.framework in Frameworks */ = {isa = PBXBuildFile; fileRef = ACDDF9E50AA08A6C7C6AAAA7 /* Pods_QBuddy_QBuddyUITests.framework */; };
		66DEB96225202796007C19BF /* ProfileSelectionViewController.swift in Sources */ = {isa = PBXBuildFile; fileRef = 66DEB96125202796007C19BF /* ProfileSelectionViewController.swift */; };
		66DEB9642522FDA6007C19BF /* HomeViewController.swift in Sources */ = {isa = PBXBuildFile; fileRef = 66DEB9632522FDA6007C19BF /* HomeViewController.swift */; };
		EC08854525282B7B00F532C4 /* PersonCell.swift in Sources */ = {isa = PBXBuildFile; fileRef = EC08854425282B7B00F532C4 /* PersonCell.swift */; };
		EC855352252817CD007166F8 /* GameHistoryViewController.swift in Sources */ = {isa = PBXBuildFile; fileRef = EC855351252817CD007166F8 /* GameHistoryViewController.swift */; };
/* End PBXBuildFile section */

/* Begin PBXContainerItemProxy section */
		18D0A685251FCECD00D0A079 /* PBXContainerItemProxy */ = {
			isa = PBXContainerItemProxy;
			containerPortal = 18D0A668251FCE8900D0A079 /* Project object */;
			proxyType = 1;
			remoteGlobalIDString = 18D0A66F251FCE8B00D0A079;
			remoteInfo = QBuddy;
		};
		18D0A690251FCECD00D0A079 /* PBXContainerItemProxy */ = {
			isa = PBXContainerItemProxy;
			containerPortal = 18D0A668251FCE8900D0A079 /* Project object */;
			proxyType = 1;
			remoteGlobalIDString = 18D0A66F251FCE8B00D0A079;
			remoteInfo = QBuddy;
		};
/* End PBXContainerItemProxy section */

/* Begin PBXFileReference section */
		0AE59F850F67D55ED516D2F0 /* Pods-QBuddy.release.xcconfig */ = {isa = PBXFileReference; includeInIndex = 1; lastKnownFileType = text.xcconfig; name = "Pods-QBuddy.release.xcconfig"; path = "Target Support Files/Pods-QBuddy/Pods-QBuddy.release.xcconfig"; sourceTree = "<group>"; };
		0D953FB0D5B4566E15FB66B1 /* Pods-QBuddy-QBuddyUITests.release.xcconfig */ = {isa = PBXFileReference; includeInIndex = 1; lastKnownFileType = text.xcconfig; name = "Pods-QBuddy-QBuddyUITests.release.xcconfig"; path = "Target Support Files/Pods-QBuddy-QBuddyUITests/Pods-QBuddy-QBuddyUITests.release.xcconfig"; sourceTree = "<group>"; };
		18CE0F9925201B2C007A1EEE /* InterestViewController.swift */ = {isa = PBXFileReference; lastKnownFileType = sourcecode.swift; path = InterestViewController.swift; sourceTree = "<group>"; };
		18CE0F9B25201FAF007A1EEE /* GlobalColors.swift */ = {isa = PBXFileReference; lastKnownFileType = sourcecode.swift; path = GlobalColors.swift; sourceTree = "<group>"; };
		18D0A670251FCE8B00D0A079 /* QBuddy.app */ = {isa = PBXFileReference; explicitFileType = wrapper.application; includeInIndex = 0; path = QBuddy.app; sourceTree = BUILT_PRODUCTS_DIR; };
		18D0A673251FCE8B00D0A079 /* AppDelegate.swift */ = {isa = PBXFileReference; lastKnownFileType = sourcecode.swift; path = AppDelegate.swift; sourceTree = "<group>"; };
		18D0A675251FCE8B00D0A079 /* LoginViewController.swift */ = {isa = PBXFileReference; lastKnownFileType = sourcecode.swift; path = LoginViewController.swift; sourceTree = "<group>"; };
		18D0A67A251FCECC00D0A079 /* Assets.xcassets */ = {isa = PBXFileReference; lastKnownFileType = folder.assetcatalog; path = Assets.xcassets; sourceTree = "<group>"; };
		18D0A67D251FCECC00D0A079 /* Base */ = {isa = PBXFileReference; lastKnownFileType = file.storyboard; name = Base; path = Base.lproj/LaunchScreen.storyboard; sourceTree = "<group>"; };
		18D0A67F251FCECC00D0A079 /* Info.plist */ = {isa = PBXFileReference; lastKnownFileType = text.plist.xml; path = Info.plist; sourceTree = "<group>"; };
		18D0A684251FCECD00D0A079 /* QBuddyTests.xctest */ = {isa = PBXFileReference; explicitFileType = wrapper.cfbundle; includeInIndex = 0; path = QBuddyTests.xctest; sourceTree = BUILT_PRODUCTS_DIR; };
		18D0A688251FCECD00D0A079 /* QBuddyTests.swift */ = {isa = PBXFileReference; lastKnownFileType = sourcecode.swift; path = QBuddyTests.swift; sourceTree = "<group>"; };
		18D0A68A251FCECD00D0A079 /* Info.plist */ = {isa = PBXFileReference; lastKnownFileType = text.plist.xml; path = Info.plist; sourceTree = "<group>"; };
		18D0A68F251FCECD00D0A079 /* QBuddyUITests.xctest */ = {isa = PBXFileReference; explicitFileType = wrapper.cfbundle; includeInIndex = 0; path = QBuddyUITests.xctest; sourceTree = BUILT_PRODUCTS_DIR; };
		18D0A693251FCECD00D0A079 /* QBuddyUITests.swift */ = {isa = PBXFileReference; lastKnownFileType = sourcecode.swift; path = QBuddyUITests.swift; sourceTree = "<group>"; };
		18D0A695251FCECD00D0A079 /* Info.plist */ = {isa = PBXFileReference; lastKnownFileType = text.plist.xml; path = Info.plist; sourceTree = "<group>"; };
		23439F4C8E8AFF4FF73E68A3 /* Pods-QBuddyTests.release.xcconfig */ = {isa = PBXFileReference; includeInIndex = 1; lastKnownFileType = text.xcconfig; name = "Pods-QBuddyTests.release.xcconfig"; path = "Target Support Files/Pods-QBuddyTests/Pods-QBuddyTests.release.xcconfig"; sourceTree = "<group>"; };
		2C88814F40AC79C9A8A24A1B /* Pods-QBuddy.debug.xcconfig */ = {isa = PBXFileReference; includeInIndex = 1; lastKnownFileType = text.xcconfig; name = "Pods-QBuddy.debug.xcconfig"; path = "Target Support Files/Pods-QBuddy/Pods-QBuddy.debug.xcconfig"; sourceTree = "<group>"; };
		5DAFA67637154CDDCA9D8272 /* Pods-QBuddyTests.debug.xcconfig */ = {isa = PBXFileReference; includeInIndex = 1; lastKnownFileType = text.xcconfig; name = "Pods-QBuddyTests.debug.xcconfig"; path = "Target Support Files/Pods-QBuddyTests/Pods-QBuddyTests.debug.xcconfig"; sourceTree = "<group>"; };
		66DEB96125202796007C19BF /* ProfileSelectionViewController.swift */ = {isa = PBXFileReference; lastKnownFileType = sourcecode.swift; path = ProfileSelectionViewController.swift; sourceTree = "<group>"; };
		66DEB9632522FDA6007C19BF /* HomeViewController.swift */ = {isa = PBXFileReference; lastKnownFileType = sourcecode.swift; path = HomeViewController.swift; sourceTree = "<group>"; };
		85723B782818830199578220 /* Pods_QBuddy.framework */ = {isa = PBXFileReference; explicitFileType = wrapper.framework; includeInIndex = 0; path = Pods_QBuddy.framework; sourceTree = BUILT_PRODUCTS_DIR; };
		8AE43CBF06E6DE22C241906F /* Pods-QBuddy-QBuddyUITests.debug.xcconfig */ = {isa = PBXFileReference; includeInIndex = 1; lastKnownFileType = text.xcconfig; name = "Pods-QBuddy-QBuddyUITests.debug.xcconfig"; path = "Target Support Files/Pods-QBuddy-QBuddyUITests/Pods-QBuddy-QBuddyUITests.debug.xcconfig"; sourceTree = "<group>"; };
		ACDDF9E50AA08A6C7C6AAAA7 /* Pods_QBuddy_QBuddyUITests.framework */ = {isa = PBXFileReference; explicitFileType = wrapper.framework; includeInIndex = 0; path = Pods_QBuddy_QBuddyUITests.framework; sourceTree = BUILT_PRODUCTS_DIR; };
		C390C33E7BFCC50EC2BA10A0 /* Pods_QBuddyTests.framework */ = {isa = PBXFileReference; explicitFileType = wrapper.framework; includeInIndex = 0; path = Pods_QBuddyTests.framework; sourceTree = BUILT_PRODUCTS_DIR; };
		EC08854425282B7B00F532C4 /* PersonCell.swift */ = {isa = PBXFileReference; lastKnownFileType = sourcecode.swift; path = PersonCell.swift; sourceTree = "<group>"; };
		EC855351252817CD007166F8 /* GameHistoryViewController.swift */ = {isa = PBXFileReference; lastKnownFileType = sourcecode.swift; path = GameHistoryViewController.swift; sourceTree = "<group>"; };
/* End PBXFileReference section */

/* Begin PBXFrameworksBuildPhase section */
		18D0A66D251FCE8B00D0A079 /* Frameworks */ = {
			isa = PBXFrameworksBuildPhase;
			buildActionMask = 2147483647;
			files = (
				354EAAEF68F44A812D3BBCD4 /* Pods_QBuddy.framework in Frameworks */,
			);
			runOnlyForDeploymentPostprocessing = 0;
		};
		18D0A681251FCECD00D0A079 /* Frameworks */ = {
			isa = PBXFrameworksBuildPhase;
			buildActionMask = 2147483647;
			files = (
				42F863A6573A54C5D43FFE89 /* Pods_QBuddyTests.framework in Frameworks */,
			);
			runOnlyForDeploymentPostprocessing = 0;
		};
		18D0A68C251FCECD00D0A079 /* Frameworks */ = {
			isa = PBXFrameworksBuildPhase;
			buildActionMask = 2147483647;
			files = (
				62981F77729FC93E6AD19058 /* Pods_QBuddy_QBuddyUITests.framework in Frameworks */,
			);
			runOnlyForDeploymentPostprocessing = 0;
		};
/* End PBXFrameworksBuildPhase section */

/* Begin PBXGroup section */
		18D0A667251FCE8800D0A079 = {
			isa = PBXGroup;
			children = (
				18D0A672251FCE8B00D0A079 /* QBuddy */,
				18D0A687251FCECD00D0A079 /* QBuddyTests */,
				18D0A692251FCECD00D0A079 /* QBuddyUITests */,
				18D0A671251FCE8B00D0A079 /* Products */,
				AD76ADB266642415970AC3CD /* Pods */,
				342462B756AB3CA2A515B49A /* Frameworks */,
			);
			sourceTree = "<group>";
		};
		18D0A671251FCE8B00D0A079 /* Products */ = {
			isa = PBXGroup;
			children = (
				18D0A670251FCE8B00D0A079 /* QBuddy.app */,
				18D0A684251FCECD00D0A079 /* QBuddyTests.xctest */,
				18D0A68F251FCECD00D0A079 /* QBuddyUITests.xctest */,
			);
			name = Products;
			sourceTree = "<group>";
		};
		18D0A672251FCE8B00D0A079 /* QBuddy */ = {
			isa = PBXGroup;
			children = (
				18D0A673251FCE8B00D0A079 /* AppDelegate.swift */,
				18D0A675251FCE8B00D0A079 /* LoginViewController.swift */,
				18D0A67A251FCECC00D0A079 /* Assets.xcassets */,
				18D0A67C251FCECC00D0A079 /* LaunchScreen.storyboard */,
				18D0A67F251FCECC00D0A079 /* Info.plist */,
				18CE0F9925201B2C007A1EEE /* InterestViewController.swift */,
				66DEB9632522FDA6007C19BF /* HomeViewController.swift */,
				66DEB96125202796007C19BF /* ProfileSelectionViewController.swift */,
				18CE0F9B25201FAF007A1EEE /* GlobalColors.swift */,
				EC855351252817CD007166F8 /* GameHistoryViewController.swift */,
				EC08854425282B7B00F532C4 /* PersonCell.swift */,
			);
			path = QBuddy;
			sourceTree = "<group>";
		};
		18D0A687251FCECD00D0A079 /* QBuddyTests */ = {
			isa = PBXGroup;
			children = (
				18D0A688251FCECD00D0A079 /* QBuddyTests.swift */,
				18D0A68A251FCECD00D0A079 /* Info.plist */,
			);
			path = QBuddyTests;
			sourceTree = "<group>";
		};
		18D0A692251FCECD00D0A079 /* QBuddyUITests */ = {
			isa = PBXGroup;
			children = (
				18D0A693251FCECD00D0A079 /* QBuddyUITests.swift */,
				18D0A695251FCECD00D0A079 /* Info.plist */,
			);
			path = QBuddyUITests;
			sourceTree = "<group>";
		};
		342462B756AB3CA2A515B49A /* Frameworks */ = {
			isa = PBXGroup;
			children = (
				85723B782818830199578220 /* Pods_QBuddy.framework */,
				ACDDF9E50AA08A6C7C6AAAA7 /* Pods_QBuddy_QBuddyUITests.framework */,
				C390C33E7BFCC50EC2BA10A0 /* Pods_QBuddyTests.framework */,
			);
			name = Frameworks;
			sourceTree = "<group>";
		};
		AD76ADB266642415970AC3CD /* Pods */ = {
			isa = PBXGroup;
			children = (
				2C88814F40AC79C9A8A24A1B /* Pods-QBuddy.debug.xcconfig */,
				0AE59F850F67D55ED516D2F0 /* Pods-QBuddy.release.xcconfig */,
				8AE43CBF06E6DE22C241906F /* Pods-QBuddy-QBuddyUITests.debug.xcconfig */,
				0D953FB0D5B4566E15FB66B1 /* Pods-QBuddy-QBuddyUITests.release.xcconfig */,
				5DAFA67637154CDDCA9D8272 /* Pods-QBuddyTests.debug.xcconfig */,
				23439F4C8E8AFF4FF73E68A3 /* Pods-QBuddyTests.release.xcconfig */,
			);
			path = Pods;
			sourceTree = "<group>";
		};
/* End PBXGroup section */

/* Begin PBXNativeTarget section */
		18D0A66F251FCE8B00D0A079 /* QBuddy */ = {
			isa = PBXNativeTarget;
			buildConfigurationList = 18D0A698251FCECD00D0A079 /* Build configuration list for PBXNativeTarget "QBuddy" */;
			buildPhases = (
				3641E3FEDE2C9AF7EB8E6114 /* [CP] Check Pods Manifest.lock */,
				18D0A66C251FCE8B00D0A079 /* Sources */,
				18D0A66D251FCE8B00D0A079 /* Frameworks */,
				18D0A66E251FCE8B00D0A079 /* Resources */,
				AD19271FCB4AA1A8A843570A /* [CP] Embed Pods Frameworks */,
			);
			buildRules = (
			);
			dependencies = (
			);
			name = QBuddy;
			productName = QBuddy;
			productReference = 18D0A670251FCE8B00D0A079 /* QBuddy.app */;
			productType = "com.apple.product-type.application";
		};
		18D0A683251FCECD00D0A079 /* QBuddyTests */ = {
			isa = PBXNativeTarget;
			buildConfigurationList = 18D0A69B251FCECD00D0A079 /* Build configuration list for PBXNativeTarget "QBuddyTests" */;
			buildPhases = (
				5094C077E37D3471A6E77146 /* [CP] Check Pods Manifest.lock */,
				18D0A680251FCECD00D0A079 /* Sources */,
				18D0A681251FCECD00D0A079 /* Frameworks */,
				18D0A682251FCECD00D0A079 /* Resources */,
			);
			buildRules = (
			);
			dependencies = (
				18D0A686251FCECD00D0A079 /* PBXTargetDependency */,
			);
			name = QBuddyTests;
			productName = QBuddyTests;
			productReference = 18D0A684251FCECD00D0A079 /* QBuddyTests.xctest */;
			productType = "com.apple.product-type.bundle.unit-test";
		};
		18D0A68E251FCECD00D0A079 /* QBuddyUITests */ = {
			isa = PBXNativeTarget;
			buildConfigurationList = 18D0A69E251FCECD00D0A079 /* Build configuration list for PBXNativeTarget "QBuddyUITests" */;
			buildPhases = (
				0C11E2E27745A20006F0DA23 /* [CP] Check Pods Manifest.lock */,
				18D0A68B251FCECD00D0A079 /* Sources */,
				18D0A68C251FCECD00D0A079 /* Frameworks */,
				18D0A68D251FCECD00D0A079 /* Resources */,
				301949F145438BD0C0BEA79C /* [CP] Embed Pods Frameworks */,
			);
			buildRules = (
			);
			dependencies = (
				18D0A691251FCECD00D0A079 /* PBXTargetDependency */,
			);
			name = QBuddyUITests;
			productName = QBuddyUITests;
			productReference = 18D0A68F251FCECD00D0A079 /* QBuddyUITests.xctest */;
			productType = "com.apple.product-type.bundle.ui-testing";
		};
/* End PBXNativeTarget section */

/* Begin PBXProject section */
		18D0A668251FCE8900D0A079 /* Project object */ = {
			isa = PBXProject;
			attributes = {
				LastSwiftUpdateCheck = 1010;
				LastUpgradeCheck = 1010;
				ORGANIZATIONNAME = DTI;
				TargetAttributes = {
					18D0A66F251FCE8B00D0A079 = {
						CreatedOnToolsVersion = 10.1;
					};
					18D0A683251FCECD00D0A079 = {
						CreatedOnToolsVersion = 10.1;
						TestTargetID = 18D0A66F251FCE8B00D0A079;
					};
					18D0A68E251FCECD00D0A079 = {
						CreatedOnToolsVersion = 10.1;
						TestTargetID = 18D0A66F251FCE8B00D0A079;
					};
				};
			};
			buildConfigurationList = 18D0A66B251FCE8A00D0A079 /* Build configuration list for PBXProject "QBuddy" */;
			compatibilityVersion = "Xcode 9.3";
			developmentRegion = en;
			hasScannedForEncodings = 0;
			knownRegions = (
				en,
				Base,
			);
			mainGroup = 18D0A667251FCE8800D0A079;
			productRefGroup = 18D0A671251FCE8B00D0A079 /* Products */;
			projectDirPath = "";
			projectRoot = "";
			targets = (
				18D0A66F251FCE8B00D0A079 /* QBuddy */,
				18D0A683251FCECD00D0A079 /* QBuddyTests */,
				18D0A68E251FCECD00D0A079 /* QBuddyUITests */,
			);
		};
/* End PBXProject section */

/* Begin PBXResourcesBuildPhase section */
		18D0A66E251FCE8B00D0A079 /* Resources */ = {
			isa = PBXResourcesBuildPhase;
			buildActionMask = 2147483647;
			files = (
				18D0A67E251FCECC00D0A079 /* LaunchScreen.storyboard in Resources */,
				18D0A67B251FCECC00D0A079 /* Assets.xcassets in Resources */,
			);
			runOnlyForDeploymentPostprocessing = 0;
		};
		18D0A682251FCECD00D0A079 /* Resources */ = {
			isa = PBXResourcesBuildPhase;
			buildActionMask = 2147483647;
			files = (
			);
			runOnlyForDeploymentPostprocessing = 0;
		};
		18D0A68D251FCECD00D0A079 /* Resources */ = {
			isa = PBXResourcesBuildPhase;
			buildActionMask = 2147483647;
			files = (
			);
			runOnlyForDeploymentPostprocessing = 0;
		};
/* End PBXResourcesBuildPhase section */

/* Begin PBXShellScriptBuildPhase section */
		0C11E2E27745A20006F0DA23 /* [CP] Check Pods Manifest.lock */ = {
			isa = PBXShellScriptBuildPhase;
			buildActionMask = 2147483647;
			files = (
			);
			inputFileListPaths = (
			);
			inputPaths = (
				"${PODS_PODFILE_DIR_PATH}/Podfile.lock",
				"${PODS_ROOT}/Manifest.lock",
			);
			name = "[CP] Check Pods Manifest.lock";
			outputFileListPaths = (
			);
			outputPaths = (
				"$(DERIVED_FILE_DIR)/Pods-QBuddy-QBuddyUITests-checkManifestLockResult.txt",
			);
			runOnlyForDeploymentPostprocessing = 0;
			shellPath = /bin/sh;
			shellScript = "diff \"${PODS_PODFILE_DIR_PATH}/Podfile.lock\" \"${PODS_ROOT}/Manifest.lock\" > /dev/null\nif [ $? != 0 ] ; then\n    # print error to STDERR\n    echo \"error: The sandbox is not in sync with the Podfile.lock. Run 'pod install' or update your CocoaPods installation.\" >&2\n    exit 1\nfi\n# This output is used by Xcode 'outputs' to avoid re-running this script phase.\necho \"SUCCESS\" > \"${SCRIPT_OUTPUT_FILE_0}\"\n";
			showEnvVarsInLog = 0;
		};
		301949F145438BD0C0BEA79C /* [CP] Embed Pods Frameworks */ = {
			isa = PBXShellScriptBuildPhase;
			buildActionMask = 2147483647;
			files = (
			);
			inputFileListPaths = (
				"${PODS_ROOT}/Target Support Files/Pods-QBuddy-QBuddyUITests/Pods-QBuddy-QBuddyUITests-frameworks-${CONFIGURATION}-input-files.xcfilelist",
			);
			name = "[CP] Embed Pods Frameworks";
			outputFileListPaths = (
				"${PODS_ROOT}/Target Support Files/Pods-QBuddy-QBuddyUITests/Pods-QBuddy-QBuddyUITests-frameworks-${CONFIGURATION}-output-files.xcfilelist",
			);
			runOnlyForDeploymentPostprocessing = 0;
			shellPath = /bin/sh;
			shellScript = "\"${PODS_ROOT}/Target Support Files/Pods-QBuddy-QBuddyUITests/Pods-QBuddy-QBuddyUITests-frameworks.sh\"\n";
			showEnvVarsInLog = 0;
		};
		3641E3FEDE2C9AF7EB8E6114 /* [CP] Check Pods Manifest.lock */ = {
			isa = PBXShellScriptBuildPhase;
			buildActionMask = 2147483647;
			files = (
			);
			inputFileListPaths = (
			);
			inputPaths = (
				"${PODS_PODFILE_DIR_PATH}/Podfile.lock",
				"${PODS_ROOT}/Manifest.lock",
			);
			name = "[CP] Check Pods Manifest.lock";
			outputFileListPaths = (
			);
			outputPaths = (
				"$(DERIVED_FILE_DIR)/Pods-QBuddy-checkManifestLockResult.txt",
			);
			runOnlyForDeploymentPostprocessing = 0;
			shellPath = /bin/sh;
			shellScript = "diff \"${PODS_PODFILE_DIR_PATH}/Podfile.lock\" \"${PODS_ROOT}/Manifest.lock\" > /dev/null\nif [ $? != 0 ] ; then\n    # print error to STDERR\n    echo \"error: The sandbox is not in sync with the Podfile.lock. Run 'pod install' or update your CocoaPods installation.\" >&2\n    exit 1\nfi\n# This output is used by Xcode 'outputs' to avoid re-running this script phase.\necho \"SUCCESS\" > \"${SCRIPT_OUTPUT_FILE_0}\"\n";
			showEnvVarsInLog = 0;
		};
		5094C077E37D3471A6E77146 /* [CP] Check Pods Manifest.lock */ = {
			isa = PBXShellScriptBuildPhase;
			buildActionMask = 2147483647;
			files = (
			);
			inputFileListPaths = (
			);
			inputPaths = (
				"${PODS_PODFILE_DIR_PATH}/Podfile.lock",
				"${PODS_ROOT}/Manifest.lock",
			);
			name = "[CP] Check Pods Manifest.lock";
			outputFileListPaths = (
			);
			outputPaths = (
				"$(DERIVED_FILE_DIR)/Pods-QBuddyTests-checkManifestLockResult.txt",
			);
			runOnlyForDeploymentPostprocessing = 0;
			shellPath = /bin/sh;
			shellScript = "diff \"${PODS_PODFILE_DIR_PATH}/Podfile.lock\" \"${PODS_ROOT}/Manifest.lock\" > /dev/null\nif [ $? != 0 ] ; then\n    # print error to STDERR\n    echo \"error: The sandbox is not in sync with the Podfile.lock. Run 'pod install' or update your CocoaPods installation.\" >&2\n    exit 1\nfi\n# This output is used by Xcode 'outputs' to avoid re-running this script phase.\necho \"SUCCESS\" > \"${SCRIPT_OUTPUT_FILE_0}\"\n";
			showEnvVarsInLog = 0;
		};
		AD19271FCB4AA1A8A843570A /* [CP] Embed Pods Frameworks */ = {
			isa = PBXShellScriptBuildPhase;
			buildActionMask = 2147483647;
			files = (
			);
			inputFileListPaths = (
				"${PODS_ROOT}/Target Support Files/Pods-QBuddy/Pods-QBuddy-frameworks-${CONFIGURATION}-input-files.xcfilelist",
			);
			name = "[CP] Embed Pods Frameworks";
			outputFileListPaths = (
				"${PODS_ROOT}/Target Support Files/Pods-QBuddy/Pods-QBuddy-frameworks-${CONFIGURATION}-output-files.xcfilelist",
			);
			runOnlyForDeploymentPostprocessing = 0;
			shellPath = /bin/sh;
			shellScript = "\"${PODS_ROOT}/Target Support Files/Pods-QBuddy/Pods-QBuddy-frameworks.sh\"\n";
			showEnvVarsInLog = 0;
		};
/* End PBXShellScriptBuildPhase section */

/* Begin PBXSourcesBuildPhase section */
		18D0A66C251FCE8B00D0A079 /* Sources */ = {
			isa = PBXSourcesBuildPhase;
			buildActionMask = 2147483647;
			files = (
				18CE0F9C25201FAF007A1EEE /* GlobalColors.swift in Sources */,
				66DEB9642522FDA6007C19BF /* HomeViewController.swift in Sources */,
				EC08854525282B7B00F532C4 /* PersonCell.swift in Sources */,
				18CE0F9A25201B2C007A1EEE /* InterestViewController.swift in Sources */,
				18D0A676251FCE8B00D0A079 /* LoginViewController.swift in Sources */,
				66DEB96225202796007C19BF /* ProfileSelectionViewController.swift in Sources */,
				18D0A674251FCE8B00D0A079 /* AppDelegate.swift in Sources */,
				EC855352252817CD007166F8 /* GameHistoryViewController.swift in Sources */,
			);
			runOnlyForDeploymentPostprocessing = 0;
		};
		18D0A680251FCECD00D0A079 /* Sources */ = {
			isa = PBXSourcesBuildPhase;
			buildActionMask = 2147483647;
			files = (
				18D0A689251FCECD00D0A079 /* QBuddyTests.swift in Sources */,
			);
			runOnlyForDeploymentPostprocessing = 0;
		};
		18D0A68B251FCECD00D0A079 /* Sources */ = {
			isa = PBXSourcesBuildPhase;
			buildActionMask = 2147483647;
			files = (
				18D0A694251FCECD00D0A079 /* QBuddyUITests.swift in Sources */,
			);
			runOnlyForDeploymentPostprocessing = 0;
		};
/* End PBXSourcesBuildPhase section */

/* Begin PBXTargetDependency section */
		18D0A686251FCECD00D0A079 /* PBXTargetDependency */ = {
			isa = PBXTargetDependency;
			target = 18D0A66F251FCE8B00D0A079 /* QBuddy */;
			targetProxy = 18D0A685251FCECD00D0A079 /* PBXContainerItemProxy */;
		};
		18D0A691251FCECD00D0A079 /* PBXTargetDependency */ = {
			isa = PBXTargetDependency;
			target = 18D0A66F251FCE8B00D0A079 /* QBuddy */;
			targetProxy = 18D0A690251FCECD00D0A079 /* PBXContainerItemProxy */;
		};
/* End PBXTargetDependency section */

/* Begin PBXVariantGroup section */
		18D0A67C251FCECC00D0A079 /* LaunchScreen.storyboard */ = {
			isa = PBXVariantGroup;
			children = (
				18D0A67D251FCECC00D0A079 /* Base */,
			);
			name = LaunchScreen.storyboard;
			sourceTree = "<group>";
		};
/* End PBXVariantGroup section */

/* Begin XCBuildConfiguration section */
		18D0A696251FCECD00D0A079 /* Debug */ = {
			isa = XCBuildConfiguration;
			buildSettings = {
				ALWAYS_SEARCH_USER_PATHS = NO;
				CLANG_ANALYZER_NONNULL = YES;
				CLANG_ANALYZER_NUMBER_OBJECT_CONVERSION = YES_AGGRESSIVE;
				CLANG_CXX_LANGUAGE_STANDARD = "gnu++14";
				CLANG_CXX_LIBRARY = "libc++";
				CLANG_ENABLE_MODULES = YES;
				CLANG_ENABLE_OBJC_ARC = YES;
				CLANG_ENABLE_OBJC_WEAK = YES;
				CLANG_WARN_BLOCK_CAPTURE_AUTORELEASING = YES;
				CLANG_WARN_BOOL_CONVERSION = YES;
				CLANG_WARN_COMMA = YES;
				CLANG_WARN_CONSTANT_CONVERSION = YES;
				CLANG_WARN_DEPRECATED_OBJC_IMPLEMENTATIONS = YES;
				CLANG_WARN_DIRECT_OBJC_ISA_USAGE = YES_ERROR;
				CLANG_WARN_DOCUMENTATION_COMMENTS = YES;
				CLANG_WARN_EMPTY_BODY = YES;
				CLANG_WARN_ENUM_CONVERSION = YES;
				CLANG_WARN_INFINITE_RECURSION = YES;
				CLANG_WARN_INT_CONVERSION = YES;
				CLANG_WARN_NON_LITERAL_NULL_CONVERSION = YES;
				CLANG_WARN_OBJC_IMPLICIT_RETAIN_SELF = YES;
				CLANG_WARN_OBJC_LITERAL_CONVERSION = YES;
				CLANG_WARN_OBJC_ROOT_CLASS = YES_ERROR;
				CLANG_WARN_RANGE_LOOP_ANALYSIS = YES;
				CLANG_WARN_STRICT_PROTOTYPES = YES;
				CLANG_WARN_SUSPICIOUS_MOVE = YES;
				CLANG_WARN_UNGUARDED_AVAILABILITY = YES_AGGRESSIVE;
				CLANG_WARN_UNREACHABLE_CODE = YES;
				CLANG_WARN__DUPLICATE_METHOD_MATCH = YES;
				CODE_SIGN_IDENTITY = "iPhone Developer";
				COPY_PHASE_STRIP = NO;
				DEBUG_INFORMATION_FORMAT = dwarf;
				ENABLE_STRICT_OBJC_MSGSEND = YES;
				ENABLE_TESTABILITY = YES;
				GCC_C_LANGUAGE_STANDARD = gnu11;
				GCC_DYNAMIC_NO_PIC = NO;
				GCC_NO_COMMON_BLOCKS = YES;
				GCC_OPTIMIZATION_LEVEL = 0;
				GCC_PREPROCESSOR_DEFINITIONS = (
					"DEBUG=1",
					"$(inherited)",
				);
				GCC_WARN_64_TO_32_BIT_CONVERSION = YES;
				GCC_WARN_ABOUT_RETURN_TYPE = YES_ERROR;
				GCC_WARN_UNDECLARED_SELECTOR = YES;
				GCC_WARN_UNINITIALIZED_AUTOS = YES_AGGRESSIVE;
				GCC_WARN_UNUSED_FUNCTION = YES;
				GCC_WARN_UNUSED_VARIABLE = YES;
				IPHONEOS_DEPLOYMENT_TARGET = 12.1;
				MTL_ENABLE_DEBUG_INFO = INCLUDE_SOURCE;
				MTL_FAST_MATH = YES;
				ONLY_ACTIVE_ARCH = YES;
				SDKROOT = iphoneos;
				SWIFT_ACTIVE_COMPILATION_CONDITIONS = DEBUG;
				SWIFT_OPTIMIZATION_LEVEL = "-Onone";
			};
			name = Debug;
		};
		18D0A697251FCECD00D0A079 /* Release */ = {
			isa = XCBuildConfiguration;
			buildSettings = {
				ALWAYS_SEARCH_USER_PATHS = NO;
				CLANG_ANALYZER_NONNULL = YES;
				CLANG_ANALYZER_NUMBER_OBJECT_CONVERSION = YES_AGGRESSIVE;
				CLANG_CXX_LANGUAGE_STANDARD = "gnu++14";
				CLANG_CXX_LIBRARY = "libc++";
				CLANG_ENABLE_MODULES = YES;
				CLANG_ENABLE_OBJC_ARC = YES;
				CLANG_ENABLE_OBJC_WEAK = YES;
				CLANG_WARN_BLOCK_CAPTURE_AUTORELEASING = YES;
				CLANG_WARN_BOOL_CONVERSION = YES;
				CLANG_WARN_COMMA = YES;
				CLANG_WARN_CONSTANT_CONVERSION = YES;
				CLANG_WARN_DEPRECATED_OBJC_IMPLEMENTATIONS = YES;
				CLANG_WARN_DIRECT_OBJC_ISA_USAGE = YES_ERROR;
				CLANG_WARN_DOCUMENTATION_COMMENTS = YES;
				CLANG_WARN_EMPTY_BODY = YES;
				CLANG_WARN_ENUM_CONVERSION = YES;
				CLANG_WARN_INFINITE_RECURSION = YES;
				CLANG_WARN_INT_CONVERSION = YES;
				CLANG_WARN_NON_LITERAL_NULL_CONVERSION = YES;
				CLANG_WARN_OBJC_IMPLICIT_RETAIN_SELF = YES;
				CLANG_WARN_OBJC_LITERAL_CONVERSION = YES;
				CLANG_WARN_OBJC_ROOT_CLASS = YES_ERROR;
				CLANG_WARN_RANGE_LOOP_ANALYSIS = YES;
				CLANG_WARN_STRICT_PROTOTYPES = YES;
				CLANG_WARN_SUSPICIOUS_MOVE = YES;
				CLANG_WARN_UNGUARDED_AVAILABILITY = YES_AGGRESSIVE;
				CLANG_WARN_UNREACHABLE_CODE = YES;
				CLANG_WARN__DUPLICATE_METHOD_MATCH = YES;
				CODE_SIGN_IDENTITY = "iPhone Developer";
				COPY_PHASE_STRIP = NO;
				DEBUG_INFORMATION_FORMAT = "dwarf-with-dsym";
				ENABLE_NS_ASSERTIONS = NO;
				ENABLE_STRICT_OBJC_MSGSEND = YES;
				GCC_C_LANGUAGE_STANDARD = gnu11;
				GCC_NO_COMMON_BLOCKS = YES;
				GCC_WARN_64_TO_32_BIT_CONVERSION = YES;
				GCC_WARN_ABOUT_RETURN_TYPE = YES_ERROR;
				GCC_WARN_UNDECLARED_SELECTOR = YES;
				GCC_WARN_UNINITIALIZED_AUTOS = YES_AGGRESSIVE;
				GCC_WARN_UNUSED_FUNCTION = YES;
				GCC_WARN_UNUSED_VARIABLE = YES;
				IPHONEOS_DEPLOYMENT_TARGET = 12.1;
				MTL_ENABLE_DEBUG_INFO = NO;
				MTL_FAST_MATH = YES;
				SDKROOT = iphoneos;
				SWIFT_COMPILATION_MODE = wholemodule;
				SWIFT_OPTIMIZATION_LEVEL = "-O";
				VALIDATE_PRODUCT = YES;
			};
			name = Release;
		};
		18D0A699251FCECD00D0A079 /* Debug */ = {
			isa = XCBuildConfiguration;
			baseConfigurationReference = 2C88814F40AC79C9A8A24A1B /* Pods-QBuddy.debug.xcconfig */;
			buildSettings = {
				ASSETCATALOG_COMPILER_APPICON_NAME = AppIcon;
				CODE_SIGN_STYLE = Automatic;
				INFOPLIST_FILE = QBuddy/Info.plist;
				IPHONEOS_DEPLOYMENT_TARGET = 12.0;
				LD_RUNPATH_SEARCH_PATHS = (
					"$(inherited)",
					"@executable_path/Frameworks",
				);
				PRODUCT_BUNDLE_IDENTIFIER = DTI.QBuddy;
				PRODUCT_NAME = "$(TARGET_NAME)";
				SWIFT_VERSION = 4.2;
				TARGETED_DEVICE_FAMILY = "1,2";
			};
			name = Debug;
		};
		18D0A69A251FCECD00D0A079 /* Release */ = {
			isa = XCBuildConfiguration;
			baseConfigurationReference = 0AE59F850F67D55ED516D2F0 /* Pods-QBuddy.release.xcconfig */;
			buildSettings = {
				ASSETCATALOG_COMPILER_APPICON_NAME = AppIcon;
				CODE_SIGN_STYLE = Automatic;
				INFOPLIST_FILE = QBuddy/Info.plist;
				IPHONEOS_DEPLOYMENT_TARGET = 12.0;
				LD_RUNPATH_SEARCH_PATHS = (
					"$(inherited)",
					"@executable_path/Frameworks",
				);
				PRODUCT_BUNDLE_IDENTIFIER = DTI.QBuddy;
				PRODUCT_NAME = "$(TARGET_NAME)";
				SWIFT_VERSION = 4.2;
				TARGETED_DEVICE_FAMILY = "1,2";
			};
			name = Release;
		};
		18D0A69C251FCECD00D0A079 /* Debug */ = {
			isa = XCBuildConfiguration;
			baseConfigurationReference = 5DAFA67637154CDDCA9D8272 /* Pods-QBuddyTests.debug.xcconfig */;
			buildSettings = {
				ALWAYS_EMBED_SWIFT_STANDARD_LIBRARIES = YES;
				BUNDLE_LOADER = "$(TEST_HOST)";
				CODE_SIGN_STYLE = Automatic;
				INFOPLIST_FILE = QBuddyTests/Info.plist;
				IPHONEOS_DEPLOYMENT_TARGET = 12.0;
				LD_RUNPATH_SEARCH_PATHS = (
					"$(inherited)",
					"@executable_path/Frameworks",
					"@loader_path/Frameworks",
				);
				PRODUCT_BUNDLE_IDENTIFIER = DTI.QBuddyTests;
				PRODUCT_NAME = "$(TARGET_NAME)";
				SWIFT_VERSION = 4.2;
				TARGETED_DEVICE_FAMILY = "1,2";
				TEST_HOST = "$(BUILT_PRODUCTS_DIR)/QBuddy.app/QBuddy";
			};
			name = Debug;
		};
		18D0A69D251FCECD00D0A079 /* Release */ = {
			isa = XCBuildConfiguration;
			baseConfigurationReference = 23439F4C8E8AFF4FF73E68A3 /* Pods-QBuddyTests.release.xcconfig */;
			buildSettings = {
				ALWAYS_EMBED_SWIFT_STANDARD_LIBRARIES = YES;
				BUNDLE_LOADER = "$(TEST_HOST)";
				CODE_SIGN_STYLE = Automatic;
				INFOPLIST_FILE = QBuddyTests/Info.plist;
				IPHONEOS_DEPLOYMENT_TARGET = 12.0;
				LD_RUNPATH_SEARCH_PATHS = (
					"$(inherited)",
					"@executable_path/Frameworks",
					"@loader_path/Frameworks",
				);
				PRODUCT_BUNDLE_IDENTIFIER = DTI.QBuddyTests;
				PRODUCT_NAME = "$(TARGET_NAME)";
				SWIFT_VERSION = 4.2;
				TARGETED_DEVICE_FAMILY = "1,2";
				TEST_HOST = "$(BUILT_PRODUCTS_DIR)/QBuddy.app/QBuddy";
			};
			name = Release;
		};
		18D0A69F251FCECD00D0A079 /* Debug */ = {
			isa = XCBuildConfiguration;
			baseConfigurationReference = 8AE43CBF06E6DE22C241906F /* Pods-QBuddy-QBuddyUITests.debug.xcconfig */;
			buildSettings = {
				ALWAYS_EMBED_SWIFT_STANDARD_LIBRARIES = YES;
				CODE_SIGN_STYLE = Automatic;
				INFOPLIST_FILE = QBuddyUITests/Info.plist;
				IPHONEOS_DEPLOYMENT_TARGET = 12.0;
				LD_RUNPATH_SEARCH_PATHS = (
					"$(inherited)",
					"@executable_path/Frameworks",
					"@loader_path/Frameworks",
				);
				PRODUCT_BUNDLE_IDENTIFIER = DTI.QBuddyUITests;
				PRODUCT_NAME = "$(TARGET_NAME)";
				SWIFT_VERSION = 4.2;
				TARGETED_DEVICE_FAMILY = "1,2";
				TEST_TARGET_NAME = QBuddy;
			};
			name = Debug;
		};
		18D0A6A0251FCECD00D0A079 /* Release */ = {
			isa = XCBuildConfiguration;
			baseConfigurationReference = 0D953FB0D5B4566E15FB66B1 /* Pods-QBuddy-QBuddyUITests.release.xcconfig */;
			buildSettings = {
				ALWAYS_EMBED_SWIFT_STANDARD_LIBRARIES = YES;
				CODE_SIGN_STYLE = Automatic;
				INFOPLIST_FILE = QBuddyUITests/Info.plist;
				IPHONEOS_DEPLOYMENT_TARGET = 12.0;
				LD_RUNPATH_SEARCH_PATHS = (
					"$(inherited)",
					"@executable_path/Frameworks",
					"@loader_path/Frameworks",
				);
				PRODUCT_BUNDLE_IDENTIFIER = DTI.QBuddyUITests;
				PRODUCT_NAME = "$(TARGET_NAME)";
				SWIFT_VERSION = 4.2;
				TARGETED_DEVICE_FAMILY = "1,2";
				TEST_TARGET_NAME = QBuddy;
			};
			name = Release;
		};
/* End XCBuildConfiguration section */

/* Begin XCConfigurationList section */
		18D0A66B251FCE8A00D0A079 /* Build configuration list for PBXProject "QBuddy" */ = {
			isa = XCConfigurationList;
			buildConfigurations = (
				18D0A696251FCECD00D0A079 /* Debug */,
				18D0A697251FCECD00D0A079 /* Release */,
			);
			defaultConfigurationIsVisible = 0;
			defaultConfigurationName = Release;
		};
		18D0A698251FCECD00D0A079 /* Build configuration list for PBXNativeTarget "QBuddy" */ = {
			isa = XCConfigurationList;
			buildConfigurations = (
				18D0A699251FCECD00D0A079 /* Debug */,
				18D0A69A251FCECD00D0A079 /* Release */,
			);
			defaultConfigurationIsVisible = 0;
			defaultConfigurationName = Release;
		};
		18D0A69B251FCECD00D0A079 /* Build configuration list for PBXNativeTarget "QBuddyTests" */ = {
			isa = XCConfigurationList;
			buildConfigurations = (
				18D0A69C251FCECD00D0A079 /* Debug */,
				18D0A69D251FCECD00D0A079 /* Release */,
			);
			defaultConfigurationIsVisible = 0;
			defaultConfigurationName = Release;
		};
		18D0A69E251FCECD00D0A079 /* Build configuration list for PBXNativeTarget "QBuddyUITests" */ = {
			isa = XCConfigurationList;
			buildConfigurations = (
				18D0A69F251FCECD00D0A079 /* Debug */,
				18D0A6A0251FCECD00D0A079 /* Release */,
			);
			defaultConfigurationIsVisible = 0;
			defaultConfigurationName = Release;
		};
/* End XCConfigurationList section */
	};
	rootObject = 18D0A668251FCE8900D0A079 /* Project object */;
}
